// !$*UTF8*$!
{
	archiveVersion = 1;
	classes = {
	};
	objectVersion = 56;
	objects = {

/* Begin PBXBuildFile section */
		0535E7DF2C281A7B00A0EA07 /* WeatherButton.swift in Sources */ = {isa = PBXBuildFile; fileRef = 0535E7DE2C281A7B00A0EA07 /* WeatherButton.swift */; };
		05AD338F2BFDE91A0089B98D /* swiftUI_weatherApp.swift in Sources */ = {isa = PBXBuildFile; fileRef = 05AD338E2BFDE91A0089B98D /* swiftUI_weatherApp.swift */; };
		05AD33912BFDE91A0089B98D /* ContentView.swift in Sources */ = {isa = PBXBuildFile; fileRef = 05AD33902BFDE91A0089B98D /* ContentView.swift */; };
		05AD33932BFDE91B0089B98D /* Assets.xcassets in Resources */ = {isa = PBXBuildFile; fileRef = 05AD33922BFDE91B0089B98D /* Assets.xcassets */; };
		05AD33962BFDE91B0089B98D /* Preview Assets.xcassets in Resources */ = {isa = PBXBuildFile; fileRef = 05AD33952BFDE91B0089B98D /* Preview Assets.xcassets */; };
		05AD33A02BFDE91B0089B98D /* swiftUI_weatherTests.swift in Sources */ = {isa = PBXBuildFile; fileRef = 05AD339F2BFDE91B0089B98D /* swiftUI_weatherTests.swift */; };
		05AD33AA2BFDE91B0089B98D /* swiftUI_weatherUITests.swift in Sources */ = {isa = PBXBuildFile; fileRef = 05AD33A92BFDE91B0089B98D /* swiftUI_weatherUITests.swift */; };
		05AD33AC2BFDE91B0089B98D /* swiftUI_weatherUITestsLaunchTests.swift in Sources */ = {isa = PBXBuildFile; fileRef = 05AD33AB2BFDE91B0089B98D /* swiftUI_weatherUITestsLaunchTests.swift */; };
		05BC6BF02C8F032300F19238 /* WeatherDayModel.swift in Sources */ = {isa = PBXBuildFile; fileRef = 05BC6BEF2C8F032300F19238 /* WeatherDayModel.swift */; };
/* End PBXBuildFile section */

/* Begin PBXContainerItemProxy section */
		05AD339C2BFDE91B0089B98D /* PBXContainerItemProxy */ = {
			isa = PBXContainerItemProxy;
			containerPortal = 05AD33832BFDE91A0089B98D /* Project object */;
			proxyType = 1;
			remoteGlobalIDString = 05AD338A2BFDE91A0089B98D;
			remoteInfo = "swiftUI-weather";
		};
		05AD33A62BFDE91B0089B98D /* PBXContainerItemProxy */ = {
			isa = PBXContainerItemProxy;
			containerPortal = 05AD33832BFDE91A0089B98D /* Project object */;
			proxyType = 1;
			remoteGlobalIDString = 05AD338A2BFDE91A0089B98D;
			remoteInfo = "swiftUI-weather";
		};
/* End PBXContainerItemProxy section */

/* Begin PBXFileReference section */
		0535E7DE2C281A7B00A0EA07 /* WeatherButton.swift */ = {isa = PBXFileReference; lastKnownFileType = sourcecode.swift; path = WeatherButton.swift; sourceTree = "<group>"; };
		05AD338B2BFDE91A0089B98D /* swiftUI-weather.app */ = {isa = PBXFileReference; explicitFileType = wrapper.application; includeInIndex = 0; path = "swiftUI-weather.app"; sourceTree = BUILT_PRODUCTS_DIR; };
		05AD338E2BFDE91A0089B98D /* swiftUI_weatherApp.swift */ = {isa = PBXFileReference; lastKnownFileType = sourcecode.swift; path = swiftUI_weatherApp.swift; sourceTree = "<group>"; };
		05AD33902BFDE91A0089B98D /* ContentView.swift */ = {isa = PBXFileReference; lastKnownFileType = sourcecode.swift; path = ContentView.swift; sourceTree = "<group>"; };
		05AD33922BFDE91B0089B98D /* Assets.xcassets */ = {isa = PBXFileReference; lastKnownFileType = folder.assetcatalog; path = Assets.xcassets; sourceTree = "<group>"; };
		05AD33952BFDE91B0089B98D /* Preview Assets.xcassets */ = {isa = PBXFileReference; lastKnownFileType = folder.assetcatalog; path = "Preview Assets.xcassets"; sourceTree = "<group>"; };
		05AD339B2BFDE91B0089B98D /* swiftUI-weatherTests.xctest */ = {isa = PBXFileReference; explicitFileType = wrapper.cfbundle; includeInIndex = 0; path = "swiftUI-weatherTests.xctest"; sourceTree = BUILT_PRODUCTS_DIR; };
		05AD339F2BFDE91B0089B98D /* swiftUI_weatherTests.swift */ = {isa = PBXFileReference; lastKnownFileType = sourcecode.swift; path = swiftUI_weatherTests.swift; sourceTree = "<group>"; };
		05AD33A52BFDE91B0089B98D /* swiftUI-weatherUITests.xctest */ = {isa = PBXFileReference; explicitFileType = wrapper.cfbundle; includeInIndex = 0; path = "swiftUI-weatherUITests.xctest"; sourceTree = BUILT_PRODUCTS_DIR; };
		05AD33A92BFDE91B0089B98D /* swiftUI_weatherUITests.swift */ = {isa = PBXFileReference; lastKnownFileType = sourcecode.swift; path = swiftUI_weatherUITests.swift; sourceTree = "<group>"; };
		05AD33AB2BFDE91B0089B98D /* swiftUI_weatherUITestsLaunchTests.swift */ = {isa = PBXFileReference; lastKnownFileType = sourcecode.swift; path = swiftUI_weatherUITestsLaunchTests.swift; sourceTree = "<group>"; };
		05BC6BEF2C8F032300F19238 /* WeatherDayModel.swift */ = {isa = PBXFileReference; lastKnownFileType = sourcecode.swift; path = WeatherDayModel.swift; sourceTree = "<group>"; };
/* End PBXFileReference section */

/* Begin PBXFrameworksBuildPhase section */
		05AD33882BFDE91A0089B98D /* Frameworks */ = {
			isa = PBXFrameworksBuildPhase;
			buildActionMask = 2147483647;
			files = (
			);
			runOnlyForDeploymentPostprocessing = 0;
		};
		05AD33982BFDE91B0089B98D /* Frameworks */ = {
			isa = PBXFrameworksBuildPhase;
			buildActionMask = 2147483647;
			files = (
			);
			runOnlyForDeploymentPostprocessing = 0;
		};
		05AD33A22BFDE91B0089B98D /* Frameworks */ = {
			isa = PBXFrameworksBuildPhase;
			buildActionMask = 2147483647;
			files = (
			);
			runOnlyForDeploymentPostprocessing = 0;
		};
/* End PBXFrameworksBuildPhase section */

/* Begin PBXGroup section */
		05AD33822BFDE91A0089B98D = {
			isa = PBXGroup;
			children = (
				05BC6BEE2C8F02F900F19238 /* Models */,
				05AD338D2BFDE91A0089B98D /* swiftUI-weather */,
				05AD339E2BFDE91B0089B98D /* swiftUI-weatherTests */,
				05AD33A82BFDE91B0089B98D /* swiftUI-weatherUITests */,
				05AD338C2BFDE91A0089B98D /* Products */,
			);
			sourceTree = "<group>";
		};
		05AD338C2BFDE91A0089B98D /* Products */ = {
			isa = PBXGroup;
			children = (
				05AD338B2BFDE91A0089B98D /* swiftUI-weather.app */,
				05AD339B2BFDE91B0089B98D /* swiftUI-weatherTests.xctest */,
				05AD33A52BFDE91B0089B98D /* swiftUI-weatherUITests.xctest */,
			);
			name = Products;
			sourceTree = "<group>";
		};
		05AD338D2BFDE91A0089B98D /* swiftUI-weather */ = {
			isa = PBXGroup;
			children = (
				0535E7DE2C281A7B00A0EA07 /* WeatherButton.swift */,
				05AD338E2BFDE91A0089B98D /* swiftUI_weatherApp.swift */,
				05AD33902BFDE91A0089B98D /* ContentView.swift */,
				05AD33922BFDE91B0089B98D /* Assets.xcassets */,
				05AD33942BFDE91B0089B98D /* Preview Content */,
			);
			path = "swiftUI-weather";
			sourceTree = "<group>";
		};
		05AD33942BFDE91B0089B98D /* Preview Content */ = {
			isa = PBXGroup;
			children = (
				05AD33952BFDE91B0089B98D /* Preview Assets.xcassets */,
			);
			path = "Preview Content";
			sourceTree = "<group>";
		};
		05AD339E2BFDE91B0089B98D /* swiftUI-weatherTests */ = {
			isa = PBXGroup;
			children = (
				05AD339F2BFDE91B0089B98D /* swiftUI_weatherTests.swift */,
			);
			path = "swiftUI-weatherTests";
			sourceTree = "<group>";
		};
		05AD33A82BFDE91B0089B98D /* swiftUI-weatherUITests */ = {
			isa = PBXGroup;
			children = (
				05AD33A92BFDE91B0089B98D /* swiftUI_weatherUITests.swift */,
				05AD33AB2BFDE91B0089B98D /* swiftUI_weatherUITestsLaunchTests.swift */,
			);
			path = "swiftUI-weatherUITests";
			sourceTree = "<group>";
		};
		05BC6BEE2C8F02F900F19238 /* Models */ = {
			isa = PBXGroup;
			children = (
				05BC6BEF2C8F032300F19238 /* WeatherDayModel.swift */,
			);
			path = Models;
			sourceTree = "<group>";
		};
/* End PBXGroup section */

/* Begin PBXNativeTarget section */
		05AD338A2BFDE91A0089B98D /* swiftUI-weather */ = {
			isa = PBXNativeTarget;
			buildConfigurationList = 05AD33AF2BFDE91B0089B98D /* Build configuration list for PBXNativeTarget "swiftUI-weather" */;
			buildPhases = (
				05AD33872BFDE91A0089B98D /* Sources */,
				05AD33882BFDE91A0089B98D /* Frameworks */,
				05AD33892BFDE91A0089B98D /* Resources */,
			);
			buildRules = (
			);
			dependencies = (
			);
			name = "swiftUI-weather";
			productName = "swiftUI-weather";
			productReference = 05AD338B2BFDE91A0089B98D /* swiftUI-weather.app */;
			productType = "com.apple.product-type.application";
		};
		05AD339A2BFDE91B0089B98D /* swiftUI-weatherTests */ = {
			isa = PBXNativeTarget;
			buildConfigurationList = 05AD33B22BFDE91B0089B98D /* Build configuration list for PBXNativeTarget "swiftUI-weatherTests" */;
			buildPhases = (
				05AD33972BFDE91B0089B98D /* Sources */,
				05AD33982BFDE91B0089B98D /* Frameworks */,
				05AD33992BFDE91B0089B98D /* Resources */,
			);
			buildRules = (
			);
			dependencies = (
				05AD339D2BFDE91B0089B98D /* PBXTargetDependency */,
			);
			name = "swiftUI-weatherTests";
			productName = "swiftUI-weatherTests";
			productReference = 05AD339B2BFDE91B0089B98D /* swiftUI-weatherTests.xctest */;
			productType = "com.apple.product-type.bundle.unit-test";
		};
		05AD33A42BFDE91B0089B98D /* swiftUI-weatherUITests */ = {
			isa = PBXNativeTarget;
			buildConfigurationList = 05AD33B52BFDE91B0089B98D /* Build configuration list for PBXNativeTarget "swiftUI-weatherUITests" */;
			buildPhases = (
				05AD33A12BFDE91B0089B98D /* Sources */,
				05AD33A22BFDE91B0089B98D /* Frameworks */,
				05AD33A32BFDE91B0089B98D /* Resources */,
			);
			buildRules = (
			);
			dependencies = (
				05AD33A72BFDE91B0089B98D /* PBXTargetDependency */,
			);
			name = "swiftUI-weatherUITests";
			productName = "swiftUI-weatherUITests";
			productReference = 05AD33A52BFDE91B0089B98D /* swiftUI-weatherUITests.xctest */;
			productType = "com.apple.product-type.bundle.ui-testing";
		};
/* End PBXNativeTarget section */

/* Begin PBXProject section */
		05AD33832BFDE91A0089B98D /* Project object */ = {
			isa = PBXProject;
			attributes = {
				BuildIndependentTargetsInParallel = 1;
				LastSwiftUpdateCheck = 1430;
				LastUpgradeCheck = 1540;
				TargetAttributes = {
					05AD338A2BFDE91A0089B98D = {
						CreatedOnToolsVersion = 14.3.1;
					};
					05AD339A2BFDE91B0089B98D = {
						CreatedOnToolsVersion = 14.3.1;
						TestTargetID = 05AD338A2BFDE91A0089B98D;
					};
					05AD33A42BFDE91B0089B98D = {
						CreatedOnToolsVersion = 14.3.1;
						TestTargetID = 05AD338A2BFDE91A0089B98D;
					};
				};
			};
			buildConfigurationList = 05AD33862BFDE91A0089B98D /* Build configuration list for PBXProject "swiftUI-weather" */;
			compatibilityVersion = "Xcode 14.0";
			developmentRegion = en;
			hasScannedForEncodings = 0;
			knownRegions = (
				en,
				Base,
			);
			mainGroup = 05AD33822BFDE91A0089B98D;
			productRefGroup = 05AD338C2BFDE91A0089B98D /* Products */;
			projectDirPath = "";
			projectRoot = "";
			targets = (
				05AD338A2BFDE91A0089B98D /* swiftUI-weather */,
				05AD339A2BFDE91B0089B98D /* swiftUI-weatherTests */,
				05AD33A42BFDE91B0089B98D /* swiftUI-weatherUITests */,
			);
		};
/* End PBXProject section */

/* Begin PBXResourcesBuildPhase section */
		05AD33892BFDE91A0089B98D /* Resources */ = {
			isa = PBXResourcesBuildPhase;
			buildActionMask = 2147483647;
			files = (
				05AD33962BFDE91B0089B98D /* Preview Assets.xcassets in Resources */,
				05AD33932BFDE91B0089B98D /* Assets.xcassets in Resources */,
			);
			runOnlyForDeploymentPostprocessing = 0;
		};
		05AD33992BFDE91B0089B98D /* Resources */ = {
			isa = PBXResourcesBuildPhase;
			buildActionMask = 2147483647;
			files = (
			);
			runOnlyForDeploymentPostprocessing = 0;
		};
		05AD33A32BFDE91B0089B98D /* Resources */ = {
			isa = PBXResourcesBuildPhase;
			buildActionMask = 2147483647;
			files = (
			);
			runOnlyForDeploymentPostprocessing = 0;
		};
/* End PBXResourcesBuildPhase section */

/* Begin PBXSourcesBuildPhase section */
		05AD33872BFDE91A0089B98D /* Sources */ = {
			isa = PBXSourcesBuildPhase;
			buildActionMask = 2147483647;
			files = (
				05AD33912BFDE91A0089B98D /* ContentView.swift in Sources */,
				05AD338F2BFDE91A0089B98D /* swiftUI_weatherApp.swift in Sources */,
				0535E7DF2C281A7B00A0EA07 /* WeatherButton.swift in Sources */,
				05BC6BF02C8F032300F19238 /* WeatherDayModel.swift in Sources */,
			);
			runOnlyForDeploymentPostprocessing = 0;
		};
		05AD33972BFDE91B0089B98D /* Sources */ = {
			isa = PBXSourcesBuildPhase;
			buildActionMask = 2147483647;
			files = (
				05AD33A02BFDE91B0089B98D /* swiftUI_weatherTests.swift in Sources */,
			);
			runOnlyForDeploymentPostprocessing = 0;
		};
		05AD33A12BFDE91B0089B98D /* Sources */ = {
			isa = PBXSourcesBuildPhase;
			buildActionMask = 2147483647;
			files = (
				05AD33AA2BFDE91B0089B98D /* swiftUI_weatherUITests.swift in Sources */,
				05AD33AC2BFDE91B0089B98D /* swiftUI_weatherUITestsLaunchTests.swift in Sources */,
			);
			runOnlyForDeploymentPostprocessing = 0;
		};
/* End PBXSourcesBuildPhase section */

/* Begin PBXTargetDependency section */
		05AD339D2BFDE91B0089B98D /* PBXTargetDependency */ = {
			isa = PBXTargetDependency;
			target = 05AD338A2BFDE91A0089B98D /* swiftUI-weather */;
			targetProxy = 05AD339C2BFDE91B0089B98D /* PBXContainerItemProxy */;
		};
		05AD33A72BFDE91B0089B98D /* PBXTargetDependency */ = {
			isa = PBXTargetDependency;
			target = 05AD338A2BFDE91A0089B98D /* swiftUI-weather */;
			targetProxy = 05AD33A62BFDE91B0089B98D /* PBXContainerItemProxy */;
		};
/* End PBXTargetDependency section */

/* Begin XCBuildConfiguration section */
		05AD33AD2BFDE91B0089B98D /* Debug */ = {
			isa = XCBuildConfiguration;
			buildSettings = {
				ALWAYS_SEARCH_USER_PATHS = NO;
				CLANG_ANALYZER_NONNULL = YES;
				CLANG_ANALYZER_NUMBER_OBJECT_CONVERSION = YES_AGGRESSIVE;
				CLANG_CXX_LANGUAGE_STANDARD = "gnu++20";
				CLANG_ENABLE_MODULES = YES;
				CLANG_ENABLE_OBJC_ARC = YES;
				CLANG_ENABLE_OBJC_WEAK = YES;
				CLANG_WARN_BLOCK_CAPTURE_AUTORELEASING = YES;
				CLANG_WARN_BOOL_CONVERSION = YES;
				CLANG_WARN_COMMA = YES;
				CLANG_WARN_CONSTANT_CONVERSION = YES;
				CLANG_WARN_DEPRECATED_OBJC_IMPLEMENTATIONS = YES;
				CLANG_WARN_DIRECT_OBJC_ISA_USAGE = YES_ERROR;
				CLANG_WARN_DOCUMENTATION_COMMENTS = YES;
				CLANG_WARN_EMPTY_BODY = YES;
				CLANG_WARN_ENUM_CONVERSION = YES;
				CLANG_WARN_INFINITE_RECURSION = YES;
				CLANG_WARN_INT_CONVERSION = YES;
				CLANG_WARN_NON_LITERAL_NULL_CONVERSION = YES;
				CLANG_WARN_OBJC_IMPLICIT_RETAIN_SELF = YES;
				CLANG_WARN_OBJC_LITERAL_CONVERSION = YES;
				CLANG_WARN_OBJC_ROOT_CLASS = YES_ERROR;
				CLANG_WARN_QUOTED_INCLUDE_IN_FRAMEWORK_HEADER = YES;
				CLANG_WARN_RANGE_LOOP_ANALYSIS = YES;
				CLANG_WARN_STRICT_PROTOTYPES = YES;
				CLANG_WARN_SUSPICIOUS_MOVE = YES;
				CLANG_WARN_UNGUARDED_AVAILABILITY = YES_AGGRESSIVE;
				CLANG_WARN_UNREACHABLE_CODE = YES;
				CLANG_WARN__DUPLICATE_METHOD_MATCH = YES;
				COPY_PHASE_STRIP = NO;
				DEBUG_INFORMATION_FORMAT = dwarf;
				ENABLE_STRICT_OBJC_MSGSEND = YES;
				ENABLE_TESTABILITY = YES;
				ENABLE_USER_SCRIPT_SANDBOXING = YES;
				GCC_C_LANGUAGE_STANDARD = gnu11;
				GCC_DYNAMIC_NO_PIC = NO;
				GCC_NO_COMMON_BLOCKS = YES;
				GCC_OPTIMIZATION_LEVEL = 0;
				GCC_PREPROCESSOR_DEFINITIONS = (
					"DEBUG=1",
					"$(inherited)",
				);
				GCC_WARN_64_TO_32_BIT_CONVERSION = YES;
				GCC_WARN_ABOUT_RETURN_TYPE = YES_ERROR;
				GCC_WARN_UNDECLARED_SELECTOR = YES;
				GCC_WARN_UNINITIALIZED_AUTOS = YES_AGGRESSIVE;
				GCC_WARN_UNUSED_FUNCTION = YES;
				GCC_WARN_UNUSED_VARIABLE = YES;
				IPHONEOS_DEPLOYMENT_TARGET = 17.5;
				MTL_ENABLE_DEBUG_INFO = INCLUDE_SOURCE;
				MTL_FAST_MATH = YES;
				ONLY_ACTIVE_ARCH = YES;
				SDKROOT = iphoneos;
				SWIFT_ACTIVE_COMPILATION_CONDITIONS = DEBUG;
				SWIFT_OPTIMIZATION_LEVEL = "-Onone";
			};
			name = Debug;
		};
		05AD33AE2BFDE91B0089B98D /* Release */ = {
			isa = XCBuildConfiguration;
			buildSettings = {
				ALWAYS_SEARCH_USER_PATHS = NO;
				CLANG_ANALYZER_NONNULL = YES;
				CLANG_ANALYZER_NUMBER_OBJECT_CONVERSION = YES_AGGRESSIVE;
				CLANG_CXX_LANGUAGE_STANDARD = "gnu++20";
				CLANG_ENABLE_MODULES = YES;
				CLANG_ENABLE_OBJC_ARC = YES;
				CLANG_ENABLE_OBJC_WEAK = YES;
				CLANG_WARN_BLOCK_CAPTURE_AUTORELEASING = YES;
				CLANG_WARN_BOOL_CONVERSION = YES;
				CLANG_WARN_COMMA = YES;
				CLANG_WARN_CONSTANT_CONVERSION = YES;
				CLANG_WARN_DEPRECATED_OBJC_IMPLEMENTATIONS = YES;
				CLANG_WARN_DIRECT_OBJC_ISA_USAGE = YES_ERROR;
				CLANG_WARN_DOCUMENTATION_COMMENTS = YES;
				CLANG_WARN_EMPTY_BODY = YES;
				CLANG_WARN_ENUM_CONVERSION = YES;
				CLANG_WARN_INFINITE_RECURSION = YES;
				CLANG_WARN_INT_CONVERSION = YES;
				CLANG_WARN_NON_LITERAL_NULL_CONVERSION = YES;
				CLANG_WARN_OBJC_IMPLICIT_RETAIN_SELF = YES;
				CLANG_WARN_OBJC_LITERAL_CONVERSION = YES;
				CLANG_WARN_OBJC_ROOT_CLASS = YES_ERROR;
				CLANG_WARN_QUOTED_INCLUDE_IN_FRAMEWORK_HEADER = YES;
				CLANG_WARN_RANGE_LOOP_ANALYSIS = YES;
				CLANG_WARN_STRICT_PROTOTYPES = YES;
				CLANG_WARN_SUSPICIOUS_MOVE = YES;
				CLANG_WARN_UNGUARDED_AVAILABILITY = YES_AGGRESSIVE;
				CLANG_WARN_UNREACHABLE_CODE = YES;
				CLANG_WARN__DUPLICATE_METHOD_MATCH = YES;
				COPY_PHASE_STRIP = NO;
				DEBUG_INFORMATION_FORMAT = "dwarf-with-dsym";
				ENABLE_NS_ASSERTIONS = NO;
				ENABLE_STRICT_OBJC_MSGSEND = YES;
				ENABLE_USER_SCRIPT_SANDBOXING = YES;
				GCC_C_LANGUAGE_STANDARD = gnu11;
				GCC_NO_COMMON_BLOCKS = YES;
				GCC_WARN_64_TO_32_BIT_CONVERSION = YES;
				GCC_WARN_ABOUT_RETURN_TYPE = YES_ERROR;
				GCC_WARN_UNDECLARED_SELECTOR = YES;
				GCC_WARN_UNINITIALIZED_AUTOS = YES_AGGRESSIVE;
				GCC_WARN_UNUSED_FUNCTION = YES;
				GCC_WARN_UNUSED_VARIABLE = YES;
				IPHONEOS_DEPLOYMENT_TARGET = 17.5;
				MTL_ENABLE_DEBUG_INFO = NO;
				MTL_FAST_MATH = YES;
				SDKROOT = iphoneos;
				SWIFT_COMPILATION_MODE = wholemodule;
				SWIFT_OPTIMIZATION_LEVEL = "-O";
				VALIDATE_PRODUCT = YES;
			};
			name = Release;
		};
		05AD33B02BFDE91B0089B98D /* Debug */ = {
			isa = XCBuildConfiguration;
			buildSettings = {
				ASSETCATALOG_COMPILER_APPICON_NAME = AppIcon;
				ASSETCATALOG_COMPILER_GLOBAL_ACCENT_COLOR_NAME = AccentColor;
				CODE_SIGN_STYLE = Automatic;
				CURRENT_PROJECT_VERSION = 1;
				DEVELOPMENT_ASSET_PATHS = "\"swiftUI-weather/Preview Content\"";
				ENABLE_PREVIEWS = YES;
				GENERATE_INFOPLIST_FILE = YES;
				INFOPLIST_KEY_UIApplicationSceneManifest_Generation = YES;
				INFOPLIST_KEY_UIApplicationSupportsIndirectInputEvents = YES;
				INFOPLIST_KEY_UILaunchScreen_Generation = YES;
				INFOPLIST_KEY_UISupportedInterfaceOrientations_iPad = "UIInterfaceOrientationPortrait UIInterfaceOrientationPortraitUpsideDown UIInterfaceOrientationLandscapeLeft UIInterfaceOrientationLandscapeRight";
				INFOPLIST_KEY_UISupportedInterfaceOrientations_iPhone = "UIInterfaceOrientationPortrait UIInterfaceOrientationLandscapeLeft UIInterfaceOrientationLandscapeRight";
				IPHONEOS_DEPLOYMENT_TARGET = 17.5;
				LD_RUNPATH_SEARCH_PATHS = (
					"$(inherited)",
					"@executable_path/Frameworks",
				);
				MARKETING_VERSION = 1.0;
				PRODUCT_BUNDLE_IDENTIFIER = "Hadeel-Jamoul.swiftUI-weather";
				PRODUCT_NAME = "$(TARGET_NAME)";
				SWIFT_EMIT_LOC_STRINGS = YES;
				SWIFT_VERSION = 5.0;
				TARGETED_DEVICE_FAMILY = "1,2";
			};
			name = Debug;
		};
		05AD33B12BFDE91B0089B98D /* Release */ = {
			isa = XCBuildConfiguration;
			buildSettings = {
				ASSETCATALOG_COMPILER_APPICON_NAME = AppIcon;
				ASSETCATALOG_COMPILER_GLOBAL_ACCENT_COLOR_NAME = AccentColor;
				CODE_SIGN_STYLE = Automatic;
				CURRENT_PROJECT_VERSION = 1;
				DEVELOPMENT_ASSET_PATHS = "\"swiftUI-weather/Preview Content\"";
				ENABLE_PREVIEWS = YES;
				GENERATE_INFOPLIST_FILE = YES;
				INFOPLIST_KEY_UIApplicationSceneManifest_Generation = YES;
				INFOPLIST_KEY_UIApplicationSupportsIndirectInputEvents = YES;
				INFOPLIST_KEY_UILaunchScreen_Generation = YES;
				INFOPLIST_KEY_UISupportedInterfaceOrientations_iPad = "UIInterfaceOrientationPortrait UIInterfaceOrientationPortraitUpsideDown UIInterfaceOrientationLandscapeLeft UIInterfaceOrientationLandscapeRight";
				INFOPLIST_KEY_UISupportedInterfaceOrientations_iPhone = "UIInterfaceOrientationPortrait UIInterfaceOrientationLandscapeLeft UIInterfaceOrientationLandscapeRight";
				IPHONEOS_DEPLOYMENT_TARGET = 17.5;
				LD_RUNPATH_SEARCH_PATHS = (
					"$(inherited)",
					"@executable_path/Frameworks",
				);
				MARKETING_VERSION = 1.0;
				PRODUCT_BUNDLE_IDENTIFIER = "Hadeel-Jamoul.swiftUI-weather";
				PRODUCT_NAME = "$(TARGET_NAME)";
				SWIFT_EMIT_LOC_STRINGS = YES;
				SWIFT_VERSION = 5.0;
				TARGETED_DEVICE_FAMILY = "1,2";
			};
			name = Release;
		};
		05AD33B32BFDE91B0089B98D /* Debug */ = {
			isa = XCBuildConfiguration;
			buildSettings = {
				ALWAYS_EMBED_SWIFT_STANDARD_LIBRARIES = YES;
				BUNDLE_LOADER = "$(TEST_HOST)";
				CODE_SIGN_STYLE = Automatic;
				CURRENT_PROJECT_VERSION = 1;
				GENERATE_INFOPLIST_FILE = YES;
				IPHONEOS_DEPLOYMENT_TARGET = 16.4;
				MARKETING_VERSION = 1.0;
				PRODUCT_BUNDLE_IDENTIFIER = "Hadeel-Jamoul.swiftUI-weatherTests";
				PRODUCT_NAME = "$(TARGET_NAME)";
				SWIFT_EMIT_LOC_STRINGS = NO;
				SWIFT_VERSION = 5.0;
				TARGETED_DEVICE_FAMILY = "1,2";
				TEST_HOST = "$(BUILT_PRODUCTS_DIR)/swiftUI-weather.app/$(BUNDLE_EXECUTABLE_FOLDER_PATH)/swiftUI-weather";
			};
			name = Debug;
		};
		05AD33B42BFDE91B0089B98D /* Release */ = {
			isa = XCBuildConfiguration;
			buildSettings = {
				ALWAYS_EMBED_SWIFT_STANDARD_LIBRARIES = YES;
				BUNDLE_LOADER = "$(TEST_HOST)";
				CODE_SIGN_STYLE = Automatic;
				CURRENT_PROJECT_VERSION = 1;
				GENERATE_INFOPLIST_FILE = YES;
				IPHONEOS_DEPLOYMENT_TARGET = 16.4;
				MARKETING_VERSION = 1.0;
				PRODUCT_BUNDLE_IDENTIFIER = "Hadeel-Jamoul.swiftUI-weatherTests";
				PRODUCT_NAME = "$(TARGET_NAME)";
				SWIFT_EMIT_LOC_STRINGS = NO;
				SWIFT_VERSION = 5.0;
				TARGETED_DEVICE_FAMILY = "1,2";
				TEST_HOST = "$(BUILT_PRODUCTS_DIR)/swiftUI-weather.app/$(BUNDLE_EXECUTABLE_FOLDER_PATH)/swiftUI-weather";
			};
			name = Release;
		};
		05AD33B62BFDE91B0089B98D /* Debug */ = {
			isa = XCBuildConfiguration;
			buildSettings = {
				ALWAYS_EMBED_SWIFT_STANDARD_LIBRARIES = YES;
				CODE_SIGN_STYLE = Automatic;
				CURRENT_PROJECT_VERSION = 1;
				GENERATE_INFOPLIST_FILE = YES;
				MARKETING_VERSION = 1.0;
				PRODUCT_BUNDLE_IDENTIFIER = "Hadeel-Jamoul.swiftUI-weatherUITests";
				PRODUCT_NAME = "$(TARGET_NAME)";
				SWIFT_EMIT_LOC_STRINGS = NO;
				SWIFT_VERSION = 5.0;
				TARGETED_DEVICE_FAMILY = "1,2";
				TEST_TARGET_NAME = "swiftUI-weather";
			};
			name = Debug;
		};
		05AD33B72BFDE91B0089B98D /* Release */ = {
			isa = XCBuildConfiguration;
			buildSettings = {
				ALWAYS_EMBED_SWIFT_STANDARD_LIBRARIES = YES;
				CODE_SIGN_STYLE = Automatic;
				CURRENT_PROJECT_VERSION = 1;
				GENERATE_INFOPLIST_FILE = YES;
				MARKETING_VERSION = 1.0;
				PRODUCT_BUNDLE_IDENTIFIER = "Hadeel-Jamoul.swiftUI-weatherUITests";
				PRODUCT_NAME = "$(TARGET_NAME)";
				SWIFT_EMIT_LOC_STRINGS = NO;
				SWIFT_VERSION = 5.0;
				TARGETED_DEVICE_FAMILY = "1,2";
				TEST_TARGET_NAME = "swiftUI-weather";
			};
			name = Release;
		};
/* End XCBuildConfiguration section */

/* Begin XCConfigurationList section */
		05AD33862BFDE91A0089B98D /* Build configuration list for PBXProject "swiftUI-weather" */ = {
			isa = XCConfigurationList;
			buildConfigurations = (
				05AD33AD2BFDE91B0089B98D /* Debug */,
				05AD33AE2BFDE91B0089B98D /* Release */,
			);
			defaultConfigurationIsVisible = 0;
			defaultConfigurationName = Release;
		};
		05AD33AF2BFDE91B0089B98D /* Build configuration list for PBXNativeTarget "swiftUI-weather" */ = {
			isa = XCConfigurationList;
			buildConfigurations = (
				05AD33B02BFDE91B0089B98D /* Debug */,
				05AD33B12BFDE91B0089B98D /* Release */,
			);
			defaultConfigurationIsVisible = 0;
			defaultConfigurationName = Release;
		};
		05AD33B22BFDE91B0089B98D /* Build configuration list for PBXNativeTarget "swiftUI-weatherTests" */ = {
			isa = XCConfigurationList;
			buildConfigurations = (
				05AD33B32BFDE91B0089B98D /* Debug */,
				05AD33B42BFDE91B0089B98D /* Release */,
			);
			defaultConfigurationIsVisible = 0;
			defaultConfigurationName = Release;
		};
		05AD33B52BFDE91B0089B98D /* Build configuration list for PBXNativeTarget "swiftUI-weatherUITests" */ = {
			isa = XCConfigurationList;
			buildConfigurations = (
				05AD33B62BFDE91B0089B98D /* Debug */,
				05AD33B72BFDE91B0089B98D /* Release */,
			);
			defaultConfigurationIsVisible = 0;
			defaultConfigurationName = Release;
		};
/* End XCConfigurationList section */
	};
	rootObject = 05AD33832BFDE91A0089B98D /* Project object */;
}
